
Microsoft Visual Studio Solution File, Format Version 12.00
# Visual Studio Version 17
VisualStudioVersion = 17.5.002.0
MinimumVisualStudioVersion = 10.0.40219.1
Project("{9A19103F-16F7-4668-BE54-9A1E7A4F7556}") = "unit-4-3-assignment-CondesnsedMilk", "unit-4-3-assignment-CondesnsedMilk.csproj", "{872EDA87-53C5-433E-8CFE-55276D5A8363}"
EndProject
Global
	GlobalSection(SolutionConfigurationPlatforms) = preSolution
		Debug|Any CPU = Debug|Any CPU
		Release|Any CPU = Release|Any CPU
	EndGlobalSection
	GlobalSection(ProjectConfigurationPlatforms) = postSolution
		{872EDA87-53C5-433E-8CFE-55276D5A8363}.Debug|Any CPU.ActiveCfg = Debug|Any CPU
		{872EDA87-53C5-433E-8CFE-55276D5A8363}.Debug|Any CPU.Build.0 = Debug|Any CPU
		{872EDA87-53C5-433E-8CFE-55276D5A8363}.Release|Any CPU.ActiveCfg = Release|Any CPU
		{872EDA87-53C5-433E-8CFE-55276D5A8363}.Release|Any CPU.Build.0 = Release|Any CPU
	EndGlobalSection
	GlobalSection(SolutionProperties) = preSolution
		HideSolutionNode = FALSE
	EndGlobalSection
	GlobalSection(ExtensibilityGlobals) = postSolution
		SolutionGuid = {316D19DE-7133-4315-A447-CE710006590D}
	EndGlobalSection
EndGlobal
